// !$*UTF8*$!
{
	archiveVersion = 1;
	classes = {
	};
	objectVersion = 50;
	objects = {

/* Begin PBXBuildFile section */
		B2E43DF3246DD14A0052E025 /* main.cpp in Sources */ = {isa = PBXBuildFile; fileRef = B2E43DF2246DD14A0052E025 /* main.cpp */; };
/* End PBXBuildFile section */

/* Begin PBXCopyFilesBuildPhase section */
		B2E43DED246DD14A0052E025 /* CopyFiles */ = {
			isa = PBXCopyFilesBuildPhase;
			buildActionMask = 2147483647;
			dstPath = /usr/share/man/man1/;
			dstSubfolderSpec = 0;
			files = (
			);
			runOnlyForDeploymentPostprocessing = 1;
		};
/* End PBXCopyFilesBuildPhase section */

/* Begin PBXFileReference section */
		B21ACB5D24772DAC0034DF5A /* revert_int.h */ = {isa = PBXFileReference; lastKnownFileType = sourcecode.c.h; path = revert_int.h; sourceTree = "<group>"; };
		B21ACB5E24773DDF0034DF5A /* valid_parens.h */ = {isa = PBXFileReference; lastKnownFileType = sourcecode.c.h; path = valid_parens.h; sourceTree = "<group>"; };
		B24862DD2478A43600A6136A /* reverse_string.h */ = {isa = PBXFileReference; lastKnownFileType = sourcecode.c.h; path = reverse_string.h; sourceTree = "<group>"; };
		B2CEAA1E24749DA6008F2CAF /* index.h */ = {isa = PBXFileReference; lastKnownFileType = sourcecode.c.h; path = index.h; sourceTree = "<group>"; };
		B2CEAA1F2475CEFC008F2CAF /* divide.h */ = {isa = PBXFileReference; lastKnownFileType = sourcecode.c.h; path = divide.h; sourceTree = "<group>"; };
		B2E43DEF246DD14A0052E025 /* letcode-problems */ = {isa = PBXFileReference; explicitFileType = "compiled.mach-o.executable"; includeInIndex = 0; path = "letcode-problems"; sourceTree = BUILT_PRODUCTS_DIR; };
		B2E43DF2246DD14A0052E025 /* main.cpp */ = {isa = PBXFileReference; lastKnownFileType = sourcecode.cpp.cpp; path = main.cpp; sourceTree = "<group>"; };
		B2E43DF9246DD1C30052E025 /* two_sum.h */ = {isa = PBXFileReference; lastKnownFileType = sourcecode.c.h; path = two_sum.h; sourceTree = "<group>"; };
		B2E43DFA246DD6F40052E025 /* add_two_numbers.h */ = {isa = PBXFileReference; lastKnownFileType = sourcecode.c.h; path = add_two_numbers.h; sourceTree = "<group>"; };
		B2E43DFB246DED0C0052E025 /* rotate.h */ = {isa = PBXFileReference; lastKnownFileType = sourcecode.c.h; path = rotate.h; sourceTree = "<group>"; };
		B2E43DFC246DF02B0052E025 /* list_node.h */ = {isa = PBXFileReference; lastKnownFileType = sourcecode.c.h; path = list_node.h; sourceTree = "<group>"; };
/* End PBXFileReference section */

/* Begin PBXFrameworksBuildPhase section */
		B2E43DEC246DD14A0052E025 /* Frameworks */ = {
			isa = PBXFrameworksBuildPhase;
			buildActionMask = 2147483647;
			files = (
			);
			runOnlyForDeploymentPostprocessing = 0;
		};
/* End PBXFrameworksBuildPhase section */

/* Begin PBXGroup section */
		B2E43DE6246DD14A0052E025 = {
			isa = PBXGroup;
			children = (
				B2E43DF1246DD14A0052E025 /* letcode-problems */,
				B2E43DF0246DD14A0052E025 /* Products */,
			);
			sourceTree = "<group>";
		};
		B2E43DF0246DD14A0052E025 /* Products */ = {
			isa = PBXGroup;
			children = (
				B2E43DEF246DD14A0052E025 /* letcode-problems */,
			);
			name = Products;
			sourceTree = "<group>";
		};
		B2E43DF1246DD14A0052E025 /* letcode-problems */ = {
			isa = PBXGroup;
			children = (
				B2E43DF2246DD14A0052E025 /* main.cpp */,
				B2E43DF9246DD1C30052E025 /* two_sum.h */,
				B2E43DFA246DD6F40052E025 /* add_two_numbers.h */,
				B2E43DFB246DED0C0052E025 /* rotate.h */,
				B2E43DFC246DF02B0052E025 /* list_node.h */,
				B2CEAA1E24749DA6008F2CAF /* index.h */,
				B2CEAA1F2475CEFC008F2CAF /* divide.h */,
				B21ACB5D24772DAC0034DF5A /* revert_int.h */,
				B21ACB5E24773DDF0034DF5A /* valid_parens.h */,
				B24862DD2478A43600A6136A /* reverse_string.h */,
			);
			path = "letcode-problems";
			sourceTree = "<group>";
		};
/* End PBXGroup section */

/* Begin PBXNativeTarget section */
		B2E43DEE246DD14A0052E025 /* letcode-problems */ = {
			isa = PBXNativeTarget;
			buildConfigurationList = B2E43DF6246DD14A0052E025 /* Build configuration list for PBXNativeTarget "letcode-problems" */;
			buildPhases = (
				B2E43DEB246DD14A0052E025 /* Sources */,
				B2E43DEC246DD14A0052E025 /* Frameworks */,
				B2E43DED246DD14A0052E025 /* CopyFiles */,
			);
			buildRules = (
			);
			dependencies = (
			);
			name = "letcode-problems";
			productName = "letcode-problems";
			productReference = B2E43DEF246DD14A0052E025 /* letcode-problems */;
			productType = "com.apple.product-type.tool";
		};
/* End PBXNativeTarget section */

/* Begin PBXProject section */
		B2E43DE7246DD14A0052E025 /* Project object */ = {
			isa = PBXProject;
			attributes = {
				LastUpgradeCheck = 1140;
				ORGANIZATIONNAME = "Luciano Almeida";
				TargetAttributes = {
					B2E43DEE246DD14A0052E025 = {
						CreatedOnToolsVersion = 11.4.1;
					};
				};
			};
			buildConfigurationList = B2E43DEA246DD14A0052E025 /* Build configuration list for PBXProject "letcode-problems" */;
			compatibilityVersion = "Xcode 9.3";
			developmentRegion = en;
			hasScannedForEncodings = 0;
			knownRegions = (
				en,
				Base,
			);
			mainGroup = B2E43DE6246DD14A0052E025;
			productRefGroup = B2E43DF0246DD14A0052E025 /* Products */;
			projectDirPath = "";
			projectRoot = "";
			targets = (
				B2E43DEE246DD14A0052E025 /* letcode-problems */,
			);
		};
/* End PBXProject section */

/* Begin PBXSourcesBuildPhase section */
		B2E43DEB246DD14A0052E025 /* Sources */ = {
			isa = PBXSourcesBuildPhase;
			buildActionMask = 2147483647;
			files = (
				B2E43DF3246DD14A0052E025 /* main.cpp in Sources */,
			);
			runOnlyForDeploymentPostprocessing = 0;
		};
/* End PBXSourcesBuildPhase section */

/* Begin XCBuildConfiguration section */
		B2E43DF4246DD14A0052E025 /* Debug */ = {
			isa = XCBuildConfiguration;
			buildSettings = {
				ALWAYS_SEARCH_USER_PATHS = NO;
				CLANG_ANALYZER_NONNULL = YES;
				CLANG_ANALYZER_NUMBER_OBJECT_CONVERSION = YES_AGGRESSIVE;
				CLANG_CXX_LANGUAGE_STANDARD = "gnu++14";
				CLANG_CXX_LIBRARY = "libc++";
				CLANG_ENABLE_MODULES = YES;
				CLANG_ENABLE_OBJC_ARC = YES;
				CLANG_ENABLE_OBJC_WEAK = YES;
				CLANG_WARN_BLOCK_CAPTURE_AUTORELEASING = YES;
				CLANG_WARN_BOOL_CONVERSION = YES;
				CLANG_WARN_COMMA = YES;
				CLANG_WARN_CONSTANT_CONVERSION = YES;
				CLANG_WARN_DEPRECATED_OBJC_IMPLEMENTATIONS = YES;
				CLANG_WARN_DIRECT_OBJC_ISA_USAGE = YES_ERROR;
				CLANG_WARN_DOCUMENTATION_COMMENTS = YES;
				CLANG_WARN_EMPTY_BODY = YES;
				CLANG_WARN_ENUM_CONVERSION = YES;
				CLANG_WARN_INFINITE_RECURSION = YES;
				CLANG_WARN_INT_CONVERSION = YES;
				CLANG_WARN_NON_LITERAL_NULL_CONVERSION = YES;
				CLANG_WARN_OBJC_IMPLICIT_RETAIN_SELF = YES;
				CLANG_WARN_OBJC_LITERAL_CONVERSION = YES;
				CLANG_WARN_OBJC_ROOT_CLASS = YES_ERROR;
				CLANG_WARN_RANGE_LOOP_ANALYSIS = YES;
				CLANG_WARN_STRICT_PROTOTYPES = YES;
				CLANG_WARN_SUSPICIOUS_MOVE = YES;
				CLANG_WARN_UNGUARDED_AVAILABILITY = YES_AGGRESSIVE;
				CLANG_WARN_UNREACHABLE_CODE = YES;
				CLANG_WARN__DUPLICATE_METHOD_MATCH = YES;
				COPY_PHASE_STRIP = NO;
				DEBUG_INFORMATION_FORMAT = dwarf;
				ENABLE_STRICT_OBJC_MSGSEND = YES;
				ENABLE_TESTABILITY = YES;
				GCC_C_LANGUAGE_STANDARD = gnu11;
				GCC_DYNAMIC_NO_PIC = NO;
				GCC_NO_COMMON_BLOCKS = YES;
				GCC_OPTIMIZATION_LEVEL = 0;
				GCC_PREPROCESSOR_DEFINITIONS = (
					"DEBUG=1",
					"$(inherited)",
				);
				GCC_WARN_64_TO_32_BIT_CONVERSION = YES;
				GCC_WARN_ABOUT_RETURN_TYPE = YES_ERROR;
				GCC_WARN_UNDECLARED_SELECTOR = YES;
				GCC_WARN_UNINITIALIZED_AUTOS = YES_AGGRESSIVE;
				GCC_WARN_UNUSED_FUNCTION = YES;
				GCC_WARN_UNUSED_VARIABLE = YES;
				MACOSX_DEPLOYMENT_TARGET = 10.15;
				MTL_ENABLE_DEBUG_INFO = INCLUDE_SOURCE;
				MTL_FAST_MATH = YES;
				ONLY_ACTIVE_ARCH = YES;
				SDKROOT = macosx;
			};
			name = Debug;
		};
		B2E43DF5246DD14A0052E025 /* Release */ = {
			isa = XCBuildConfiguration;
			buildSettings = {
				ALWAYS_SEARCH_USER_PATHS = NO;
				CLANG_ANALYZER_NONNULL = YES;
				CLANG_ANALYZER_NUMBER_OBJECT_CONVERSION = YES_AGGRESSIVE;
				CLANG_CXX_LANGUAGE_STANDARD = "gnu++14";
				CLANG_CXX_LIBRARY = "libc++";
				CLANG_ENABLE_MODULES = YES;
				CLANG_ENABLE_OBJC_ARC = YES;
				CLANG_ENABLE_OBJC_WEAK = YES;
				CLANG_WARN_BLOCK_CAPTURE_AUTORELEASING = YES;
				CLANG_WARN_BOOL_CONVERSION = YES;
				CLANG_WARN_COMMA = YES;
				CLANG_WARN_CONSTANT_CONVERSION = YES;
				CLANG_WARN_DEPRECATED_OBJC_IMPLEMENTATIONS = YES;
				CLANG_WARN_DIRECT_OBJC_ISA_USAGE = YES_ERROR;
				CLANG_WARN_DOCUMENTATION_COMMENTS = YES;
				CLANG_WARN_EMPTY_BODY = YES;
				CLANG_WARN_ENUM_CONVERSION = YES;
				CLANG_WARN_INFINITE_RECURSION = YES;
				CLANG_WARN_INT_CONVERSION = YES;
				CLANG_WARN_NON_LITERAL_NULL_CONVERSION = YES;
				CLANG_WARN_OBJC_IMPLICIT_RETAIN_SELF = YES;
				CLANG_WARN_OBJC_LITERAL_CONVERSION = YES;
				CLANG_WARN_OBJC_ROOT_CLASS = YES_ERROR;
				CLANG_WARN_RANGE_LOOP_ANALYSIS = YES;
				CLANG_WARN_STRICT_PROTOTYPES = YES;
				CLANG_WARN_SUSPICIOUS_MOVE = YES;
				CLANG_WARN_UNGUARDED_AVAILABILITY = YES_AGGRESSIVE;
				CLANG_WARN_UNREACHABLE_CODE = YES;
				CLANG_WARN__DUPLICATE_METHOD_MATCH = YES;
				COPY_PHASE_STRIP = NO;
				DEBUG_INFORMATION_FORMAT = "dwarf-with-dsym";
				ENABLE_NS_ASSERTIONS = NO;
				ENABLE_STRICT_OBJC_MSGSEND = YES;
				GCC_C_LANGUAGE_STANDARD = gnu11;
				GCC_NO_COMMON_BLOCKS = YES;
				GCC_WARN_64_TO_32_BIT_CONVERSION = YES;
				GCC_WARN_ABOUT_RETURN_TYPE = YES_ERROR;
				GCC_WARN_UNDECLARED_SELECTOR = YES;
				GCC_WARN_UNINITIALIZED_AUTOS = YES_AGGRESSIVE;
				GCC_WARN_UNUSED_FUNCTION = YES;
				GCC_WARN_UNUSED_VARIABLE = YES;
				MACOSX_DEPLOYMENT_TARGET = 10.15;
				MTL_ENABLE_DEBUG_INFO = NO;
				MTL_FAST_MATH = YES;
				SDKROOT = macosx;
			};
			name = Release;
		};
		B2E43DF7246DD14A0052E025 /* Debug */ = {
			isa = XCBuildConfiguration;
			buildSettings = {
				CODE_SIGN_STYLE = Automatic;
				DEVELOPMENT_TEAM = 43Z9WE284C;
				ENABLE_HARDENED_RUNTIME = YES;
				PRODUCT_NAME = "$(TARGET_NAME)";
			};
			name = Debug;
		};
		B2E43DF8246DD14A0052E025 /* Release */ = {
			isa = XCBuildConfiguration;
			buildSettings = {
				CODE_SIGN_STYLE = Automatic;
				DEVELOPMENT_TEAM = 43Z9WE284C;
				ENABLE_HARDENED_RUNTIME = YES;
				PRODUCT_NAME = "$(TARGET_NAME)";
			};
			name = Release;
		};
/* End XCBuildConfiguration section */

/* Begin XCConfigurationList section */
		B2E43DEA246DD14A0052E025 /* Build configuration list for PBXProject "letcode-problems" */ = {
			isa = XCConfigurationList;
			buildConfigurations = (
				B2E43DF4246DD14A0052E025 /* Debug */,
				B2E43DF5246DD14A0052E025 /* Release */,
			);
			defaultConfigurationIsVisible = 0;
			defaultConfigurationName = Release;
		};
		B2E43DF6246DD14A0052E025 /* Build configuration list for PBXNativeTarget "letcode-problems" */ = {
			isa = XCConfigurationList;
			buildConfigurations = (
				B2E43DF7246DD14A0052E025 /* Debug */,
				B2E43DF8246DD14A0052E025 /* Release */,
			);
			defaultConfigurationIsVisible = 0;
			defaultConfigurationName = Release;
		};
/* End XCConfigurationList section */
	};
	rootObject = B2E43DE7246DD14A0052E025 /* Project object */;
}
